
Microsoft Visual Studio Solution File, Format Version 11.00
# Visual C# Express 2010
Project("{FAE04EC0-301F-11D3-BF4B-00C04F79EFBC}") = "f(x) maker", "f(x) maker\f(x) maker.csproj", "{CDD5CB10-AB56-43D6-A0B8-0920169923B3}"
EndProject
Global
	GlobalSection(SolutionConfigurationPlatforms) = preSolution
		Debug|x86 = Debug|x86
		Release|x86 = Release|x86
	EndGlobalSection
	GlobalSection(ProjectConfigurationPlatforms) = postSolution
		{CDD5CB10-AB56-43D6-A0B8-0920169923B3}.Debug|x86.ActiveCfg = Debug|x86
		{CDD5CB10-AB56-43D6-A0B8-0920169923B3}.Debug|x86.Build.0 = Debug|x86
		{CDD5CB10-AB56-43D6-A0B8-0920169923B3}.Release|x86.ActiveCfg = Release|x86
		{CDD5CB10-AB56-43D6-A0B8-0920169923B3}.Release|x86.Build.0 = Release|x86
	EndGlobalSection
	GlobalSection(SolutionProperties) = preSolution
		HideSolutionNode = FALSE
	EndGlobalSection
EndGlobal
